{
  "nodes": {
    "flake-utils": {
      "inputs": {
        "systems": "systems"
      },
      "locked": {
        "lastModified": 1681202837,
        "narHash": "sha256-H+Rh19JDwRtpVPAWp64F+rlEtxUWBAQW28eAi3SRSzg=",
        "owner": "numtide",
        "repo": "flake-utils",
        "rev": "cfacdce06f30d2b68473a46042957675eebb3401",
        "type": "github"
      },
      "original": {
        "owner": "numtide",
        "repo": "flake-utils",
        "type": "github"
      }
    },
    "home-manager": {
      "inputs": {
        "nixpkgs": [
          "nixpkgs"
        ]
      },
      "locked": {
        "lastModified": 1705446327,
        "narHash": "sha256-n7FCuAR2BI1SvLjF6eFc8VE6WLZCMlbToyfqU2ihbkU=",
        "owner": "nix-community",
        "repo": "home-manager",
        "rev": "16cefa78cc801911ebd4ff1faddc6280ab3c9228",
        "type": "github"
      },
      "original": {
        "owner": "nix-community",
        "repo": "home-manager",
        "type": "github"
      }
    },
    "nixos-hardware": {
      "locked": {
        "lastModified": 1705312285,
        "narHash": "sha256-rd+dY+v61Y8w3u9bukO/hB55Xl4wXv4/yC8rCGVnK5U=",
        "owner": "NixOS",
        "repo": "nixos-hardware",
        "rev": "bee2202bec57e521e3bd8acd526884b9767d7fa0",
        "type": "github"
      },
      "original": {
        "owner": "NixOS",
        "ref": "master",
        "repo": "nixos-hardware",
        "type": "github"
      }
    },
    "nixpkgs": {
      "locked": {
        "lastModified": 1705316053,
        "narHash": "sha256-J2Ey5mPFT8gdfL2XC0JTZvKaBw/b2pnyudEXFvl+dQM=",
        "owner": "nixos",
        "repo": "nixpkgs",
        "rev": "c3e128f3c0ecc1fb04aef9f72b3dcc2f6cecf370",
        "type": "github"
      },
      "original": {
        "owner": "nixos",
        "ref": "nixos-unstable",
        "repo": "nixpkgs",
        "type": "github"
      }
    },
    "root": {
      "inputs": {
        "home-manager": "home-manager",
        "nixos-hardware": "nixos-hardware",
        "nixpkgs": "nixpkgs",
        "rust-overlay": "rust-overlay"
      }
    },
    "rust-overlay": {
      "inputs": {
        "flake-utils": "flake-utils",
        "nixpkgs": [
          "nixpkgs"
        ]
      },
      "locked": {
        "lastModified": 1705457855,
        "narHash": "sha256-5cCHQtP/PEHK1YNTQyZN9v8ehpLTjc723ZSKAP3Tva8=",
        "owner": "oxalica",
        "repo": "rust-overlay",
        "rev": "a854609265af0e9f48c92e497679edf8fab9e690",
        "type": "github"
      },
      "original": {
        "owner": "oxalica",
        "repo": "rust-overlay",
        "type": "github"
      }
    },
    "systems": {
      "locked": {
        "lastModified": 1681028828,
        "narHash": "sha256-Vy1rq5AaRuLzOxct8nz4T6wlgyUR7zLU309k9mBC768=",
        "owner": "nix-systems",
        "repo": "default",
        "rev": "da67096a3b9bf56a91d16901293e51ba5b49a27e",
        "type": "github"
      },
      "original": {
        "owner": "nix-systems",
        "repo": "default",
        "type": "github"
      }
    }
  },
  "root": "root",
  "version": 7
}
